
Microsoft Visual Studio Solution File, Format Version 12.00
# Visual Studio Version 17
VisualStudioVersion = 17.14.36623.8
MinimumVisualStudioVersion = 10.0.40219.1
Project("{2150E333-8FDC-42A3-9474-1A3956D46DE8}") = "Task0", "Task0", "{02EA681E-C7D8-13C7-8484-4AC65E1B71E8}"
EndProject
Project("{FAE04EC0-301F-11D3-BF4B-00C04F79EFBC}") = "Tyuiu.kkhalid.sprint2.Task0.V22", "Tyuiu.kkhalid.sprint2.Task0.V22\Tyuiu.kkhalid.sprint2.Task0.V22.csproj", "{F6A72613-17F8-46D2-83B4-86D6FF12B5A7}"
EndProject
Project("{FAE04EC0-301F-11D3-BF4B-00C04F79EFBC}") = "Tyuiu.kkhalid.sprint2.Task0.V22.Lib", "Tyuiu.kkhalid.sprint2.Task0.V22.Lib\Tyuiu.kkhalid.sprint2.Task0.V22.Lib.csproj", "{CC52C144-260F-4A9C-89E4-DE869558D1EC}"
EndProject
Project("{FAE04EC0-301F-11D3-BF4B-00C04F79EFBC}") = "Tyuiu.kkhalid.sprint2.Task0.V22.Test", "Tyuiu.kkhalid.sprint2.Task0.V22.Test\Tyuiu.kkhalid.sprint2.Task0.V22.Test.csproj", "{2EE2B13A-B897-4165-8458-E0C4C4103F25}"
EndProject
Project("{2150E333-8FDC-42A3-9474-1A3956D46DE8}") = "Task1", "Task1", "{D9245F50-BB79-443E-89F2-CF1837C25418}"
EndProject
Project("{FAE04EC0-301F-11D3-BF4B-00C04F79EFBC}") = "Tyuiu.kkhalid.sprint2.Task1.V29", "Tyuiu.kkhalid.sprint2.Task1.V29\Tyuiu.kkhalid.sprint2.Task1.V29.csproj", "{A8973DD1-7359-40BB-BA35-D7BA4CCDEF99}"
EndProject
Project("{FAE04EC0-301F-11D3-BF4B-00C04F79EFBC}") = "Tyuiu.kkhalid.sprint2.Task1.V29.Lib", "Tyuiu.kkhalid.sprint2.Task1.V29.Lib\Tyuiu.kkhalid.sprint2.Task1.V29.Lib.csproj", "{E3E61478-3496-4F62-BB97-44D0CC24CB27}"
EndProject
Project("{FAE04EC0-301F-11D3-BF4B-00C04F79EFBC}") = "Tyuiu.kkhalid.sprint2.Task1.V29.Test", "Tyuiu.kkhalid.sprint2.Task1.V29.Test\Tyuiu.kkhalid.sprint2.Task1.V29.Test.csproj", "{CD859E3A-0609-459F-93FF-DBA897587C84}"
EndProject
Project("{2150E333-8FDC-42A3-9474-1A3956D46DE8}") = "Task2", "Task2", "{42D2D022-8B92-4321-8718-FDBD638C0566}"
EndProject
Project("{FAE04EC0-301F-11D3-BF4B-00C04F79EFBC}") = "Tyuiu.kkhalid.sprint2.Task2.V9", "Tyuiu.kkhalid.sprint2.Task2.V9\Tyuiu.kkhalid.sprint2.Task2.V9.csproj", "{01509958-7362-470E-9BE0-D99E8B2DA80B}"
EndProject
Project("{FAE04EC0-301F-11D3-BF4B-00C04F79EFBC}") = "Tyuiu.kkhalid.sprint2.Task2.V9.Lib", "Tyuiu.kkhalid.sprint2.Task2.V9.Lib\Tyuiu.kkhalid.sprint2.Task2.V9.Lib.csproj", "{C5612DEE-921D-46CA-96F8-D64B82977833}"
EndProject
Project("{FAE04EC0-301F-11D3-BF4B-00C04F79EFBC}") = "Tyuiu.kkhalid.sprint2.Task2.V9.Test", "Tyuiu.kkhalid.sprint2.Task2.V9.Test\Tyuiu.kkhalid.sprint2.Task2.V9.Test.csproj", "{16D2341C-564C-4937-A7F9-1F0C8AA89788}"
EndProject
Project("{2150E333-8FDC-42A3-9474-1A3956D46DE8}") = "Task3", "Task3", "{B341E08C-61A0-4C15-BC6C-4780A18F495E}"
EndProject
Project("{FAE04EC0-301F-11D3-BF4B-00C04F79EFBC}") = "Tyuiu.kkhalid.sprint2.Task3.V28", "Tyuiu.kkhalid.sprint2.Task3.V28\Tyuiu.kkhalid.sprint2.Task3.V28.csproj", "{6883FD39-52BC-44CA-9654-B5BBCB0883EA}"
EndProject
Project("{FAE04EC0-301F-11D3-BF4B-00C04F79EFBC}") = "Tyuiu.kkhalid.sprint2.Task3.V28.Test", "Tyuiu.kkhalid.sprint2.Task3.V28.Test\Tyuiu.kkhalid.sprint2.Task3.V28.Test.csproj", "{1D0C66E3-CA97-4A80-99F0-4928F9726CE0}"
EndProject
Project("{FAE04EC0-301F-11D3-BF4B-00C04F79EFBC}") = "Tyuiu.kkhalid.sprint2.Task3.V28.Lib", "Tyuiu.kkhalid.sprint2.Task3.V28.Lib\Tyuiu.kkhalid.sprint2.Task3.V28.Lib.csproj", "{8B8E5D83-50CC-4D26-BE5D-BB49274659E1}"
EndProject
Project("{2150E333-8FDC-42A3-9474-1A3956D46DE8}") = "Task4", "Task4", "{DE72A952-B6C4-4EE3-8654-7922CEA136FF}"
EndProject
Project("{FAE04EC0-301F-11D3-BF4B-00C04F79EFBC}") = "Tyuiu.kkhalid.sprint2.Task4.V6", "Tyuiu.kkhalid.sprint2.Task4.V6\Tyuiu.kkhalid.sprint2.Task4.V6.csproj", "{1F9E2774-033E-4FD2-8EC3-2BA0E78D2F86}"
EndProject
Project("{FAE04EC0-301F-11D3-BF4B-00C04F79EFBC}") = "Tyuiu.kkhalid.sprint2.Task4.V6.Lib", "Tyuiu.kkhalid.sprint2.Task4.V6.Lib\Tyuiu.kkhalid.sprint2.Task4.V6.Lib.csproj", "{DF09B092-A07C-4CE3-B2D7-C6FFFAC24F28}"
EndProject
Project("{FAE04EC0-301F-11D3-BF4B-00C04F79EFBC}") = "Tyuiu.kkhalid.sprint2.Task4.V6.Test", "Tyuiu.kkhalid.sprint2.Task4.V6.Test\Tyuiu.kkhalid.sprint2.Task4.V6.Test.csproj", "{51EE5D23-2046-4A1C-A761-9468F7B3EB81}"
EndProject
Project("{2150E333-8FDC-42A3-9474-1A3956D46DE8}") = "Task5", "Task5", "{075971F1-205B-4F00-9772-100EA7218EC9}"
EndProject
Project("{FAE04EC0-301F-11D3-BF4B-00C04F79EFBC}") = "Tyuiu.kkhalid.sprint2.Task5.V8", "Tyuiu.kkhalid.sprint2.Task5\Tyuiu.kkhalid.sprint2.Task5.V8.csproj", "{0FE91B9A-E4A1-425C-A87F-756078330F26}"
EndProject
Project("{FAE04EC0-301F-11D3-BF4B-00C04F79EFBC}") = "Tyuiu.kkhalid.sprint2.Task5.V8.Lib", "Tyuiu.kkhalid.sprint2.Task5.Lib\Tyuiu.kkhalid.sprint2.Task5.V8.Lib.csproj", "{5BE226A4-9876-4720-9955-E2E39CA47A93}"
EndProject
Project("{FAE04EC0-301F-11D3-BF4B-00C04F79EFBC}") = "Tyuiu.kkhalid.sprint2.Task5.V8.Test", "Tyuiu.kkhalid.sprint2.Task5.Test\Tyuiu.kkhalid.sprint2.Task5.V8.Test.csproj", "{3ECB1F44-144B-45F8-AF35-62440BA6B006}"
EndProject
Project("{2150E333-8FDC-42A3-9474-1A3956D46DE8}") = "Task6", "Task6", "{8698B76B-28BF-4D93-8410-5D35B4ACF6A3}"
EndProject
Project("{FAE04EC0-301F-11D3-BF4B-00C04F79EFBC}") = "Tyuiu.kkhalid.sprint2.Task6.V3", "Tyuiu.kkhalid.sprint2.Task6.V3\Tyuiu.kkhalid.sprint2.Task6.V3.csproj", "{2A3B4640-8D26-4248-9170-C13DA591FD51}"
EndProject
Project("{FAE04EC0-301F-11D3-BF4B-00C04F79EFBC}") = "Tyuiu.kkhalid.sprint2.Task6.V3.Lib", "Tyuiu.kkhalid.sprint2.Task6.V3.Lib\Tyuiu.kkhalid.sprint2.Task6.V3.Lib.csproj", "{14FD3737-FDC8-4FF3-8A3F-6C59E3F4D824}"
EndProject
Project("{FAE04EC0-301F-11D3-BF4B-00C04F79EFBC}") = "Tyuiu.kkhalid.sprint2.Task6.V3.Test", "Tyuiu.kkhalid.sprint2.Task6.V3.Test\Tyuiu.kkhalid.sprint2.Task6.V3.Test.csproj", "{FA1D1D8B-E197-4EB5-AEB7-BB75CDF45A0F}"
EndProject
Global
	GlobalSection(SolutionConfigurationPlatforms) = preSolution
		Debug|Any CPU = Debug|Any CPU
		Release|Any CPU = Release|Any CPU
	EndGlobalSection
	GlobalSection(ProjectConfigurationPlatforms) = postSolution
		{F6A72613-17F8-46D2-83B4-86D6FF12B5A7}.Debug|Any CPU.ActiveCfg = Debug|Any CPU
		{F6A72613-17F8-46D2-83B4-86D6FF12B5A7}.Debug|Any CPU.Build.0 = Debug|Any CPU
		{F6A72613-17F8-46D2-83B4-86D6FF12B5A7}.Release|Any CPU.ActiveCfg = Release|Any CPU
		{F6A72613-17F8-46D2-83B4-86D6FF12B5A7}.Release|Any CPU.Build.0 = Release|Any CPU
		{CC52C144-260F-4A9C-89E4-DE869558D1EC}.Debug|Any CPU.ActiveCfg = Debug|Any CPU
		{CC52C144-260F-4A9C-89E4-DE869558D1EC}.Debug|Any CPU.Build.0 = Debug|Any CPU
		{CC52C144-260F-4A9C-89E4-DE869558D1EC}.Release|Any CPU.ActiveCfg = Release|Any CPU
		{CC52C144-260F-4A9C-89E4-DE869558D1EC}.Release|Any CPU.Build.0 = Release|Any CPU
		{2EE2B13A-B897-4165-8458-E0C4C4103F25}.Debug|Any CPU.ActiveCfg = Debug|Any CPU
		{2EE2B13A-B897-4165-8458-E0C4C4103F25}.Debug|Any CPU.Build.0 = Debug|Any CPU
		{2EE2B13A-B897-4165-8458-E0C4C4103F25}.Release|Any CPU.ActiveCfg = Release|Any CPU
		{2EE2B13A-B897-4165-8458-E0C4C4103F25}.Release|Any CPU.Build.0 = Release|Any CPU
		{A8973DD1-7359-40BB-BA35-D7BA4CCDEF99}.Debug|Any CPU.ActiveCfg = Debug|Any CPU
		{A8973DD1-7359-40BB-BA35-D7BA4CCDEF99}.Debug|Any CPU.Build.0 = Debug|Any CPU
		{A8973DD1-7359-40BB-BA35-D7BA4CCDEF99}.Release|Any CPU.ActiveCfg = Release|Any CPU
		{A8973DD1-7359-40BB-BA35-D7BA4CCDEF99}.Release|Any CPU.Build.0 = Release|Any CPU
		{E3E61478-3496-4F62-BB97-44D0CC24CB27}.Debug|Any CPU.ActiveCfg = Debug|Any CPU
		{E3E61478-3496-4F62-BB97-44D0CC24CB27}.Debug|Any CPU.Build.0 = Debug|Any CPU
		{E3E61478-3496-4F62-BB97-44D0CC24CB27}.Release|Any CPU.ActiveCfg = Release|Any CPU
		{E3E61478-3496-4F62-BB97-44D0CC24CB27}.Release|Any CPU.Build.0 = Release|Any CPU
		{CD859E3A-0609-459F-93FF-DBA897587C84}.Debug|Any CPU.ActiveCfg = Debug|Any CPU
		{CD859E3A-0609-459F-93FF-DBA897587C84}.Debug|Any CPU.Build.0 = Debug|Any CPU
		{CD859E3A-0609-459F-93FF-DBA897587C84}.Release|Any CPU.ActiveCfg = Release|Any CPU
		{CD859E3A-0609-459F-93FF-DBA897587C84}.Release|Any CPU.Build.0 = Release|Any CPU
		{01509958-7362-470E-9BE0-D99E8B2DA80B}.Debug|Any CPU.ActiveCfg = Debug|Any CPU
		{01509958-7362-470E-9BE0-D99E8B2DA80B}.Debug|Any CPU.Build.0 = Debug|Any CPU
		{01509958-7362-470E-9BE0-D99E8B2DA80B}.Release|Any CPU.ActiveCfg = Release|Any CPU
		{01509958-7362-470E-9BE0-D99E8B2DA80B}.Release|Any CPU.Build.0 = Release|Any CPU
		{C5612DEE-921D-46CA-96F8-D64B82977833}.Debug|Any CPU.ActiveCfg = Debug|Any CPU
		{C5612DEE-921D-46CA-96F8-D64B82977833}.Debug|Any CPU.Build.0 = Debug|Any CPU
		{C5612DEE-921D-46CA-96F8-D64B82977833}.Release|Any CPU.ActiveCfg = Release|Any CPU
		{C5612DEE-921D-46CA-96F8-D64B82977833}.Release|Any CPU.Build.0 = Release|Any CPU
		{16D2341C-564C-4937-A7F9-1F0C8AA89788}.Debug|Any CPU.ActiveCfg = Debug|Any CPU
		{16D2341C-564C-4937-A7F9-1F0C8AA89788}.Debug|Any CPU.Build.0 = Debug|Any CPU
		{16D2341C-564C-4937-A7F9-1F0C8AA89788}.Release|Any CPU.ActiveCfg = Release|Any CPU
		{16D2341C-564C-4937-A7F9-1F0C8AA89788}.Release|Any CPU.Build.0 = Release|Any CPU
		{6883FD39-52BC-44CA-9654-B5BBCB0883EA}.Debug|Any CPU.ActiveCfg = Debug|Any CPU
		{6883FD39-52BC-44CA-9654-B5BBCB0883EA}.Debug|Any CPU.Build.0 = Debug|Any CPU
		{6883FD39-52BC-44CA-9654-B5BBCB0883EA}.Release|Any CPU.ActiveCfg = Release|Any CPU
		{6883FD39-52BC-44CA-9654-B5BBCB0883EA}.Release|Any CPU.Build.0 = Release|Any CPU
		{1D0C66E3-CA97-4A80-99F0-4928F9726CE0}.Debug|Any CPU.ActiveCfg = Debug|Any CPU
		{1D0C66E3-CA97-4A80-99F0-4928F9726CE0}.Debug|Any CPU.Build.0 = Debug|Any CPU
		{1D0C66E3-CA97-4A80-99F0-4928F9726CE0}.Release|Any CPU.ActiveCfg = Release|Any CPU
		{1D0C66E3-CA97-4A80-99F0-4928F9726CE0}.Release|Any CPU.Build.0 = Release|Any CPU
		{8B8E5D83-50CC-4D26-BE5D-BB49274659E1}.Debug|Any CPU.ActiveCfg = Debug|Any CPU
		{8B8E5D83-50CC-4D26-BE5D-BB49274659E1}.Debug|Any CPU.Build.0 = Debug|Any CPU
		{8B8E5D83-50CC-4D26-BE5D-BB49274659E1}.Release|Any CPU.ActiveCfg = Release|Any CPU
		{8B8E5D83-50CC-4D26-BE5D-BB49274659E1}.Release|Any CPU.Build.0 = Release|Any CPU
		{1F9E2774-033E-4FD2-8EC3-2BA0E78D2F86}.Debug|Any CPU.ActiveCfg = Debug|Any CPU
		{1F9E2774-033E-4FD2-8EC3-2BA0E78D2F86}.Debug|Any CPU.Build.0 = Debug|Any CPU
		{1F9E2774-033E-4FD2-8EC3-2BA0E78D2F86}.Release|Any CPU.ActiveCfg = Release|Any CPU
		{1F9E2774-033E-4FD2-8EC3-2BA0E78D2F86}.Release|Any CPU.Build.0 = Release|Any CPU
		{DF09B092-A07C-4CE3-B2D7-C6FFFAC24F28}.Debug|Any CPU.ActiveCfg = Debug|Any CPU
		{DF09B092-A07C-4CE3-B2D7-C6FFFAC24F28}.Debug|Any CPU.Build.0 = Debug|Any CPU
		{DF09B092-A07C-4CE3-B2D7-C6FFFAC24F28}.Release|Any CPU.ActiveCfg = Release|Any CPU
		{DF09B092-A07C-4CE3-B2D7-C6FFFAC24F28}.Release|Any CPU.Build.0 = Release|Any CPU
		{51EE5D23-2046-4A1C-A761-9468F7B3EB81}.Debug|Any CPU.ActiveCfg = Debug|Any CPU
		{51EE5D23-2046-4A1C-A761-9468F7B3EB81}.Debug|Any CPU.Build.0 = Debug|Any CPU
		{51EE5D23-2046-4A1C-A761-9468F7B3EB81}.Release|Any CPU.ActiveCfg = Release|Any CPU
		{51EE5D23-2046-4A1C-A761-9468F7B3EB81}.Release|Any CPU.Build.0 = Release|Any CPU
		{0FE91B9A-E4A1-425C-A87F-756078330F26}.Debug|Any CPU.ActiveCfg = Debug|Any CPU
		{0FE91B9A-E4A1-425C-A87F-756078330F26}.Debug|Any CPU.Build.0 = Debug|Any CPU
		{0FE91B9A-E4A1-425C-A87F-756078330F26}.Release|Any CPU.ActiveCfg = Release|Any CPU
		{0FE91B9A-E4A1-425C-A87F-756078330F26}.Release|Any CPU.Build.0 = Release|Any CPU
		{5BE226A4-9876-4720-9955-E2E39CA47A93}.Debug|Any CPU.ActiveCfg = Debug|Any CPU
		{5BE226A4-9876-4720-9955-E2E39CA47A93}.Debug|Any CPU.Build.0 = Debug|Any CPU
		{5BE226A4-9876-4720-9955-E2E39CA47A93}.Release|Any CPU.ActiveCfg = Release|Any CPU
		{5BE226A4-9876-4720-9955-E2E39CA47A93}.Release|Any CPU.Build.0 = Release|Any CPU
		{3ECB1F44-144B-45F8-AF35-62440BA6B006}.Debug|Any CPU.ActiveCfg = Debug|Any CPU
		{3ECB1F44-144B-45F8-AF35-62440BA6B006}.Debug|Any CPU.Build.0 = Debug|Any CPU
		{3ECB1F44-144B-45F8-AF35-62440BA6B006}.Release|Any CPU.ActiveCfg = Release|Any CPU
		{3ECB1F44-144B-45F8-AF35-62440BA6B006}.Release|Any CPU.Build.0 = Release|Any CPU
		{2A3B4640-8D26-4248-9170-C13DA591FD51}.Debug|Any CPU.ActiveCfg = Debug|Any CPU
		{2A3B4640-8D26-4248-9170-C13DA591FD51}.Debug|Any CPU.Build.0 = Debug|Any CPU
		{2A3B4640-8D26-4248-9170-C13DA591FD51}.Release|Any CPU.ActiveCfg = Release|Any CPU
		{2A3B4640-8D26-4248-9170-C13DA591FD51}.Release|Any CPU.Build.0 = Release|Any CPU
		{14FD3737-FDC8-4FF3-8A3F-6C59E3F4D824}.Debug|Any CPU.ActiveCfg = Debug|Any CPU
		{14FD3737-FDC8-4FF3-8A3F-6C59E3F4D824}.Debug|Any CPU.Build.0 = Debug|Any CPU
		{14FD3737-FDC8-4FF3-8A3F-6C59E3F4D824}.Release|Any CPU.ActiveCfg = Release|Any CPU
		{14FD3737-FDC8-4FF3-8A3F-6C59E3F4D824}.Release|Any CPU.Build.0 = Release|Any CPU
		{FA1D1D8B-E197-4EB5-AEB7-BB75CDF45A0F}.Debug|Any CPU.ActiveCfg = Debug|Any CPU
		{FA1D1D8B-E197-4EB5-AEB7-BB75CDF45A0F}.Debug|Any CPU.Build.0 = Debug|Any CPU
		{FA1D1D8B-E197-4EB5-AEB7-BB75CDF45A0F}.Release|Any CPU.ActiveCfg = Release|Any CPU
		{FA1D1D8B-E197-4EB5-AEB7-BB75CDF45A0F}.Release|Any CPU.Build.0 = Release|Any CPU
	EndGlobalSection
	GlobalSection(SolutionProperties) = preSolution
		HideSolutionNode = FALSE
	EndGlobalSection
	GlobalSection(NestedProjects) = preSolution
		{F6A72613-17F8-46D2-83B4-86D6FF12B5A7} = {02EA681E-C7D8-13C7-8484-4AC65E1B71E8}
		{CC52C144-260F-4A9C-89E4-DE869558D1EC} = {02EA681E-C7D8-13C7-8484-4AC65E1B71E8}
		{2EE2B13A-B897-4165-8458-E0C4C4103F25} = {02EA681E-C7D8-13C7-8484-4AC65E1B71E8}
		{A8973DD1-7359-40BB-BA35-D7BA4CCDEF99} = {D9245F50-BB79-443E-89F2-CF1837C25418}
		{E3E61478-3496-4F62-BB97-44D0CC24CB27} = {D9245F50-BB79-443E-89F2-CF1837C25418}
		{CD859E3A-0609-459F-93FF-DBA897587C84} = {D9245F50-BB79-443E-89F2-CF1837C25418}
		{01509958-7362-470E-9BE0-D99E8B2DA80B} = {42D2D022-8B92-4321-8718-FDBD638C0566}
		{C5612DEE-921D-46CA-96F8-D64B82977833} = {42D2D022-8B92-4321-8718-FDBD638C0566}
		{16D2341C-564C-4937-A7F9-1F0C8AA89788} = {42D2D022-8B92-4321-8718-FDBD638C0566}
		{6883FD39-52BC-44CA-9654-B5BBCB0883EA} = {B341E08C-61A0-4C15-BC6C-4780A18F495E}
		{1D0C66E3-CA97-4A80-99F0-4928F9726CE0} = {B341E08C-61A0-4C15-BC6C-4780A18F495E}
		{8B8E5D83-50CC-4D26-BE5D-BB49274659E1} = {B341E08C-61A0-4C15-BC6C-4780A18F495E}
		{1F9E2774-033E-4FD2-8EC3-2BA0E78D2F86} = {DE72A952-B6C4-4EE3-8654-7922CEA136FF}
		{DF09B092-A07C-4CE3-B2D7-C6FFFAC24F28} = {DE72A952-B6C4-4EE3-8654-7922CEA136FF}
		{51EE5D23-2046-4A1C-A761-9468F7B3EB81} = {DE72A952-B6C4-4EE3-8654-7922CEA136FF}
		{0FE91B9A-E4A1-425C-A87F-756078330F26} = {075971F1-205B-4F00-9772-100EA7218EC9}
		{5BE226A4-9876-4720-9955-E2E39CA47A93} = {075971F1-205B-4F00-9772-100EA7218EC9}
		{3ECB1F44-144B-45F8-AF35-62440BA6B006} = {075971F1-205B-4F00-9772-100EA7218EC9}
		{2A3B4640-8D26-4248-9170-C13DA591FD51} = {8698B76B-28BF-4D93-8410-5D35B4ACF6A3}
		{14FD3737-FDC8-4FF3-8A3F-6C59E3F4D824} = {8698B76B-28BF-4D93-8410-5D35B4ACF6A3}
		{FA1D1D8B-E197-4EB5-AEB7-BB75CDF45A0F} = {8698B76B-28BF-4D93-8410-5D35B4ACF6A3}
	EndGlobalSection
	GlobalSection(ExtensibilityGlobals) = postSolution
		SolutionGuid = {2FAA31B7-5933-4F20-B612-655FAB856CEE}
	EndGlobalSection
EndGlobal
